
Microsoft Visual Studio Solution File, Format Version 12.00
# Visual Studio Version 16
VisualStudioVersion = 16.0.31605.320
MinimumVisualStudioVersion = 10.0.40219.1
Project("{FAE04EC0-301F-11D3-BF4B-00C04F79EFBC}") = "LocationMotos_ASP.Net-MVC", "LocationMotos_ASP.Net-MVC\LocationMotos_ASP.Net-MVC.csproj", "{EFD421EA-FA6F-4E0C-B550-8764CBDFBE62}"
EndProject
Global
	GlobalSection(SolutionConfigurationPlatforms) = preSolution
		Debug|Any CPU = Debug|Any CPU
		Release|Any CPU = Release|Any CPU
	EndGlobalSection
	GlobalSection(ProjectConfigurationPlatforms) = postSolution
		{EFD421EA-FA6F-4E0C-B550-8764CBDFBE62}.Debug|Any CPU.ActiveCfg = Debug|Any CPU
		{EFD421EA-FA6F-4E0C-B550-8764CBDFBE62}.Debug|Any CPU.Build.0 = Debug|Any CPU
		{EFD421EA-FA6F-4E0C-B550-8764CBDFBE62}.Release|Any CPU.ActiveCfg = Release|Any CPU
		{EFD421EA-FA6F-4E0C-B550-8764CBDFBE62}.Release|Any CPU.Build.0 = Release|Any CPU
	EndGlobalSection
	GlobalSection(SolutionProperties) = preSolution
		HideSolutionNode = FALSE
	EndGlobalSection
	GlobalSection(ExtensibilityGlobals) = postSolution
		SolutionGuid = {291BBD06-1797-45AD-8031-4DFE769500E8}
	EndGlobalSection
EndGlobal
